{
  "name": "asset",
  "lockfileVersion": 3,
  "requires": true,
  "packages": {
    "": {
      "dependencies": {
        "@chenfengyuan/datepicker": "^1.0.10"
      }
    },
    "node_modules/@chenfengyuan/datepicker": {
      "version": "1.0.10",
      "resolved": "https://registry.npmjs.org/@chenfengyuan/datepicker/-/datepicker-1.0.10.tgz",
      "integrity": "sha512-w016ygdUgBY6hhV7HFKRy2DeSiRPPczekA6FJfIpmqQYh5leKne4WvW/YWOCY1xrQVvamdLyhMhbsn8vN5iQAg==",
      "license": "MIT",
      "peerDependencies": {
        "jquery": ">=1.9.1"
      }
    },
    "node_modules/jquery": {
      "version": "3.7.1",
      "resolved": "https://registry.npmjs.org/jquery/-/jquery-3.7.1.tgz",
      "integrity": "sha512-m4avr8yL8kmFN8psrbFFFmB/If14iN5o9nw/NgnnM+kybDJpRsAynV2BsfpTYrTRysYUdADVD7CkUUizgkpLfg==",
      "license": "MIT",
      "peer": true
    }
  }
}
